
Microsoft Visual Studio Solution File, Format Version 12.00
# Visual Studio Version 17
VisualStudioVersion = 17.4.33122.133
MinimumVisualStudioVersion = 10.0.40219.1
Project("{FAE04EC0-301F-11D3-BF4B-00C04F79EFBC}") = "Mstaheri++", "Mstaheri++\Mstaheri++.csproj", "{ADC33588-1399-4C8E-B417-BC2F0C728558}"
EndProject
Project("{FAE04EC0-301F-11D3-BF4B-00C04F79EFBC}") = "CarpetCompanyBLL", "CarpetCompanyBLL\CarpetCompanyBLL.csproj", "{07BE5A2F-C48B-456F-AAA2-57BD614F8139}"
EndProject
Project("{FAE04EC0-301F-11D3-BF4B-00C04F79EFBC}") = "CarpetCompanyDAL", "CarpetCompanyDAL\CarpetCompanyDAL.csproj", "{55B963A3-DC2B-42A0-A252-A1C1A3DF431B}"
EndProject
Global
	GlobalSection(SolutionConfigurationPlatforms) = preSolution
		Debug|Any CPU = Debug|Any CPU
		Release|Any CPU = Release|Any CPU
	EndGlobalSection
	GlobalSection(ProjectConfigurationPlatforms) = postSolution
		{ADC33588-1399-4C8E-B417-BC2F0C728558}.Debug|Any CPU.ActiveCfg = Debug|Any CPU
		{ADC33588-1399-4C8E-B417-BC2F0C728558}.Debug|Any CPU.Build.0 = Debug|Any CPU
		{ADC33588-1399-4C8E-B417-BC2F0C728558}.Release|Any CPU.ActiveCfg = Release|Any CPU
		{ADC33588-1399-4C8E-B417-BC2F0C728558}.Release|Any CPU.Build.0 = Release|Any CPU
		{07BE5A2F-C48B-456F-AAA2-57BD614F8139}.Debug|Any CPU.ActiveCfg = Debug|Any CPU
		{07BE5A2F-C48B-456F-AAA2-57BD614F8139}.Debug|Any CPU.Build.0 = Debug|Any CPU
		{07BE5A2F-C48B-456F-AAA2-57BD614F8139}.Release|Any CPU.ActiveCfg = Release|Any CPU
		{07BE5A2F-C48B-456F-AAA2-57BD614F8139}.Release|Any CPU.Build.0 = Release|Any CPU
		{55B963A3-DC2B-42A0-A252-A1C1A3DF431B}.Debug|Any CPU.ActiveCfg = Debug|Any CPU
		{55B963A3-DC2B-42A0-A252-A1C1A3DF431B}.Debug|Any CPU.Build.0 = Debug|Any CPU
		{55B963A3-DC2B-42A0-A252-A1C1A3DF431B}.Release|Any CPU.ActiveCfg = Release|Any CPU
		{55B963A3-DC2B-42A0-A252-A1C1A3DF431B}.Release|Any CPU.Build.0 = Release|Any CPU
	EndGlobalSection
	GlobalSection(SolutionProperties) = preSolution
		HideSolutionNode = FALSE
	EndGlobalSection
	GlobalSection(ExtensibilityGlobals) = postSolution
		SolutionGuid = {B5C63DA1-1E03-4FA1-BB42-FD0BD0AA31BB}
	EndGlobalSection
EndGlobal
